// !$*UTF8*$!
{
	archiveVersion = 1;
	classes = {
	};
	objectVersion = 48;
	objects = {

/* Begin PBXBuildFile section */
		E26EB8B01F879520001B93D1 /* Address.swift in Sources */ = {isa = PBXBuildFile; fileRef = E26EB8AF1F879520001B93D1 /* Address.swift */; };
		E26EB8B21F87961A001B93D1 /* AddressTests.swift in Sources */ = {isa = PBXBuildFile; fileRef = E26EB8B11F87961A001B93D1 /* AddressTests.swift */; };
		E26EB8B61F87A30A001B93D1 /* UsersTableViewController.swift in Sources */ = {isa = PBXBuildFile; fileRef = E26EB8B51F87A30A001B93D1 /* UsersTableViewController.swift */; };
		E26EB8B81F87A62F001B93D1 /* APITests.swift in Sources */ = {isa = PBXBuildFile; fileRef = E26EB8B71F87A62F001B93D1 /* APITests.swift */; };
		E26EB8BA1F87AE26001B93D1 /* API.swift in Sources */ = {isa = PBXBuildFile; fileRef = E26EB8B91F87AE26001B93D1 /* API.swift */; };
		E26EB8BC1F87AF52001B93D1 /* UsersAPIRequest.swift in Sources */ = {isa = PBXBuildFile; fileRef = E26EB8BB1F87AF52001B93D1 /* UsersAPIRequest.swift */; };
		E26EB8BE1F87AFB8001B93D1 /* UsersRequestTests.swift in Sources */ = {isa = PBXBuildFile; fileRef = E26EB8BD1F87AFB8001B93D1 /* UsersRequestTests.swift */; };
		E26EB8C01F87B261001B93D1 /* MockUsersAPIRequest.swift in Sources */ = {isa = PBXBuildFile; fileRef = E26EB8BF1F87B261001B93D1 /* MockUsersAPIRequest.swift */; };
		E299D28C1F8A45DF00EAA81D /* PostsAPIRequest.swift in Sources */ = {isa = PBXBuildFile; fileRef = E299D28B1F8A45DF00EAA81D /* PostsAPIRequest.swift */; };
		E299D28E1F8A467200EAA81D /* Post.swift in Sources */ = {isa = PBXBuildFile; fileRef = E299D28D1F8A467200EAA81D /* Post.swift */; };
		E299D2901F8A48CA00EAA81D /* MockPostsAPIRequest.swift in Sources */ = {isa = PBXBuildFile; fileRef = E299D28F1F8A48CA00EAA81D /* MockPostsAPIRequest.swift */; };
		E2C2A1691F87905E00C64A0D /* AppDelegate.swift in Sources */ = {isa = PBXBuildFile; fileRef = E2C2A1681F87905E00C64A0D /* AppDelegate.swift */; };
		E2C2A1701F87905E00C64A0D /* Main.storyboard in Resources */ = {isa = PBXBuildFile; fileRef = E2C2A16E1F87905E00C64A0D /* Main.storyboard */; };
		E2C2A1721F87905E00C64A0D /* Assets.xcassets in Resources */ = {isa = PBXBuildFile; fileRef = E2C2A1711F87905E00C64A0D /* Assets.xcassets */; };
		E2C2A1751F87905E00C64A0D /* LaunchScreen.storyboard in Resources */ = {isa = PBXBuildFile; fileRef = E2C2A1731F87905E00C64A0D /* LaunchScreen.storyboard */; };
		E2C2A18B1F87905E00C64A0D /* JSONPlaceholderClientUITests.swift in Sources */ = {isa = PBXBuildFile; fileRef = E2C2A18A1F87905E00C64A0D /* JSONPlaceholderClientUITests.swift */; };
		E2C2A1991F87909F00C64A0D /* UserTests.swift in Sources */ = {isa = PBXBuildFile; fileRef = E2C2A1981F87909F00C64A0D /* UserTests.swift */; };
		E2C2A19B1F87916700C64A0D /* User.swift in Sources */ = {isa = PBXBuildFile; fileRef = E2C2A19A1F87916700C64A0D /* User.swift */; };
		E2E97EA41F87C8E600BA73B2 /* MockAPI.swift in Sources */ = {isa = PBXBuildFile; fileRef = E2E97EA31F87C8E600BA73B2 /* MockAPI.swift */; };
		E2E97EA81F87EBE100BA73B2 /* URLSessionAPI.swift in Sources */ = {isa = PBXBuildFile; fileRef = E2E97EA71F87EBE100BA73B2 /* URLSessionAPI.swift */; };
		E2E97EAA1F87ED2700BA73B2 /* URLSessionUsersAPIRequest.swift in Sources */ = {isa = PBXBuildFile; fileRef = E2E97EA91F87ED2700BA73B2 /* URLSessionUsersAPIRequest.swift */; };
		E2E97EB51F88F2B300BA73B2 /* UsersTableViewControllerTests.swift in Sources */ = {isa = PBXBuildFile; fileRef = E2E97EB41F88F2B300BA73B2 /* UsersTableViewControllerTests.swift */; };
		E2E97EB71F88F8EA00BA73B2 /* UserCell.swift in Sources */ = {isa = PBXBuildFile; fileRef = E2E97EB61F88F8EA00BA73B2 /* UserCell.swift */; };
		E2E97EBB1F88FD0400BA73B2 /* UserCellTests.swift in Sources */ = {isa = PBXBuildFile; fileRef = E2E97EBA1F88FD0400BA73B2 /* UserCellTests.swift */; };
/* End PBXBuildFile section */

/* Begin PBXContainerItemProxy section */
		E2C2A17C1F87905E00C64A0D /* PBXContainerItemProxy */ = {
			isa = PBXContainerItemProxy;
			containerPortal = E2C2A15D1F87905E00C64A0D /* Project object */;
			proxyType = 1;
			remoteGlobalIDString = E2C2A1641F87905E00C64A0D;
			remoteInfo = JSONPlaceholderClient;
		};
		E2C2A1871F87905E00C64A0D /* PBXContainerItemProxy */ = {
			isa = PBXContainerItemProxy;
			containerPortal = E2C2A15D1F87905E00C64A0D /* Project object */;
			proxyType = 1;
			remoteGlobalIDString = E2C2A1641F87905E00C64A0D;
			remoteInfo = JSONPlaceholderClient;
		};
/* End PBXContainerItemProxy section */

/* Begin PBXFileReference section */
		E26EB8AF1F879520001B93D1 /* Address.swift */ = {isa = PBXFileReference; lastKnownFileType = sourcecode.swift; path = Address.swift; sourceTree = "<group>"; };
		E26EB8B11F87961A001B93D1 /* AddressTests.swift */ = {isa = PBXFileReference; lastKnownFileType = sourcecode.swift; path = AddressTests.swift; sourceTree = "<group>"; };
		E26EB8B51F87A30A001B93D1 /* UsersTableViewController.swift */ = {isa = PBXFileReference; lastKnownFileType = sourcecode.swift; path = UsersTableViewController.swift; sourceTree = "<group>"; };
		E26EB8B71F87A62F001B93D1 /* APITests.swift */ = {isa = PBXFileReference; lastKnownFileType = sourcecode.swift; path = APITests.swift; sourceTree = "<group>"; };
		E26EB8B91F87AE26001B93D1 /* API.swift */ = {isa = PBXFileReference; lastKnownFileType = sourcecode.swift; path = API.swift; sourceTree = "<group>"; };
		E26EB8BB1F87AF52001B93D1 /* UsersAPIRequest.swift */ = {isa = PBXFileReference; lastKnownFileType = sourcecode.swift; path = UsersAPIRequest.swift; sourceTree = "<group>"; };
		E26EB8BD1F87AFB8001B93D1 /* UsersRequestTests.swift */ = {isa = PBXFileReference; lastKnownFileType = sourcecode.swift; path = UsersRequestTests.swift; sourceTree = "<group>"; };
		E26EB8BF1F87B261001B93D1 /* MockUsersAPIRequest.swift */ = {isa = PBXFileReference; lastKnownFileType = sourcecode.swift; path = MockUsersAPIRequest.swift; sourceTree = "<group>"; };
		E299D28B1F8A45DF00EAA81D /* PostsAPIRequest.swift */ = {isa = PBXFileReference; lastKnownFileType = sourcecode.swift; path = PostsAPIRequest.swift; sourceTree = "<group>"; };
		E299D28D1F8A467200EAA81D /* Post.swift */ = {isa = PBXFileReference; lastKnownFileType = sourcecode.swift; path = Post.swift; sourceTree = "<group>"; };
		E299D28F1F8A48CA00EAA81D /* MockPostsAPIRequest.swift */ = {isa = PBXFileReference; lastKnownFileType = sourcecode.swift; path = MockPostsAPIRequest.swift; sourceTree = "<group>"; };
		E2C2A1651F87905E00C64A0D /* JSONPlaceholderClient.app */ = {isa = PBXFileReference; explicitFileType = wrapper.application; includeInIndex = 0; path = JSONPlaceholderClient.app; sourceTree = BUILT_PRODUCTS_DIR; };
		E2C2A1681F87905E00C64A0D /* AppDelegate.swift */ = {isa = PBXFileReference; lastKnownFileType = sourcecode.swift; path = AppDelegate.swift; sourceTree = "<group>"; };
		E2C2A16F1F87905E00C64A0D /* Base */ = {isa = PBXFileReference; lastKnownFileType = file.storyboard; name = Base; path = Base.lproj/Main.storyboard; sourceTree = "<group>"; };
		E2C2A1711F87905E00C64A0D /* Assets.xcassets */ = {isa = PBXFileReference; lastKnownFileType = folder.assetcatalog; path = Assets.xcassets; sourceTree = "<group>"; };
		E2C2A1741F87905E00C64A0D /* Base */ = {isa = PBXFileReference; lastKnownFileType = file.storyboard; name = Base; path = Base.lproj/LaunchScreen.storyboard; sourceTree = "<group>"; };
		E2C2A1761F87905E00C64A0D /* Info.plist */ = {isa = PBXFileReference; lastKnownFileType = text.plist.xml; path = Info.plist; sourceTree = "<group>"; };
		E2C2A17B1F87905E00C64A0D /* JSONPlaceholderClientTests.xctest */ = {isa = PBXFileReference; explicitFileType = wrapper.cfbundle; includeInIndex = 0; path = JSONPlaceholderClientTests.xctest; sourceTree = BUILT_PRODUCTS_DIR; };
		E2C2A1811F87905E00C64A0D /* Info.plist */ = {isa = PBXFileReference; lastKnownFileType = text.plist.xml; path = Info.plist; sourceTree = "<group>"; };
		E2C2A1861F87905E00C64A0D /* JSONPlaceholderClientUITests.xctest */ = {isa = PBXFileReference; explicitFileType = wrapper.cfbundle; includeInIndex = 0; path = JSONPlaceholderClientUITests.xctest; sourceTree = BUILT_PRODUCTS_DIR; };
		E2C2A18A1F87905E00C64A0D /* JSONPlaceholderClientUITests.swift */ = {isa = PBXFileReference; lastKnownFileType = sourcecode.swift; path = JSONPlaceholderClientUITests.swift; sourceTree = "<group>"; };
		E2C2A18C1F87905E00C64A0D /* Info.plist */ = {isa = PBXFileReference; lastKnownFileType = text.plist.xml; path = Info.plist; sourceTree = "<group>"; };
		E2C2A1981F87909F00C64A0D /* UserTests.swift */ = {isa = PBXFileReference; lastKnownFileType = sourcecode.swift; path = UserTests.swift; sourceTree = "<group>"; };
		E2C2A19A1F87916700C64A0D /* User.swift */ = {isa = PBXFileReference; lastKnownFileType = sourcecode.swift; path = User.swift; sourceTree = "<group>"; };
		E2E97EA31F87C8E600BA73B2 /* MockAPI.swift */ = {isa = PBXFileReference; lastKnownFileType = sourcecode.swift; path = MockAPI.swift; sourceTree = "<group>"; };
		E2E97EA71F87EBE100BA73B2 /* URLSessionAPI.swift */ = {isa = PBXFileReference; lastKnownFileType = sourcecode.swift; path = URLSessionAPI.swift; sourceTree = "<group>"; };
		E2E97EA91F87ED2700BA73B2 /* URLSessionUsersAPIRequest.swift */ = {isa = PBXFileReference; lastKnownFileType = sourcecode.swift; path = URLSessionUsersAPIRequest.swift; sourceTree = "<group>"; };
		E2E97EB41F88F2B300BA73B2 /* UsersTableViewControllerTests.swift */ = {isa = PBXFileReference; lastKnownFileType = sourcecode.swift; path = UsersTableViewControllerTests.swift; sourceTree = "<group>"; };
		E2E97EB61F88F8EA00BA73B2 /* UserCell.swift */ = {isa = PBXFileReference; lastKnownFileType = sourcecode.swift; path = UserCell.swift; sourceTree = "<group>"; };
		E2E97EBA1F88FD0400BA73B2 /* UserCellTests.swift */ = {isa = PBXFileReference; lastKnownFileType = sourcecode.swift; path = UserCellTests.swift; sourceTree = "<group>"; };
/* End PBXFileReference section */

/* Begin PBXFrameworksBuildPhase section */
		E2C2A1621F87905E00C64A0D /* Frameworks */ = {
			isa = PBXFrameworksBuildPhase;
			buildActionMask = 2147483647;
			files = (
			);
			runOnlyForDeploymentPostprocessing = 0;
		};
		E2C2A1781F87905E00C64A0D /* Frameworks */ = {
			isa = PBXFrameworksBuildPhase;
			buildActionMask = 2147483647;
			files = (
			);
			runOnlyForDeploymentPostprocessing = 0;
		};
		E2C2A1831F87905E00C64A0D /* Frameworks */ = {
			isa = PBXFrameworksBuildPhase;
			buildActionMask = 2147483647;
			files = (
			);
			runOnlyForDeploymentPostprocessing = 0;
		};
/* End PBXFrameworksBuildPhase section */

/* Begin PBXGroup section */
		E2C2A15C1F87905E00C64A0D = {
			isa = PBXGroup;
			children = (
				E2C2A1671F87905E00C64A0D /* JSONPlaceholderClient */,
				E2C2A17E1F87905E00C64A0D /* JSONPlaceholderClientTests */,
				E2C2A1891F87905E00C64A0D /* JSONPlaceholderClientUITests */,
				E2C2A1661F87905E00C64A0D /* Products */,
			);
			sourceTree = "<group>";
		};
		E2C2A1661F87905E00C64A0D /* Products */ = {
			isa = PBXGroup;
			children = (
				E2C2A1651F87905E00C64A0D /* JSONPlaceholderClient.app */,
				E2C2A17B1F87905E00C64A0D /* JSONPlaceholderClientTests.xctest */,
				E2C2A1861F87905E00C64A0D /* JSONPlaceholderClientUITests.xctest */,
			);
			name = Products;
			sourceTree = "<group>";
		};
		E2C2A1671F87905E00C64A0D /* JSONPlaceholderClient */ = {
			isa = PBXGroup;
			children = (
				E2C2A1681F87905E00C64A0D /* AppDelegate.swift */,
				E2C2A1711F87905E00C64A0D /* Assets.xcassets */,
				E2C2A1761F87905E00C64A0D /* Info.plist */,
				E2E97EB01F87F43400BA73B2 /* Storyboards */,
				E2E97EAC1F87F3C800BA73B2 /* Model */,
				E2E97EAF1F87F41C00BA73B2 /* View Controllers */,
				E2E97EAD1F87F3E800BA73B2 /* API */,
				E2E97EB91F88F9BD00BA73B2 /* Views */,
			);
			path = JSONPlaceholderClient;
			sourceTree = "<group>";
		};
		E2C2A17E1F87905E00C64A0D /* JSONPlaceholderClientTests */ = {
			isa = PBXGroup;
			children = (
				E2C2A1811F87905E00C64A0D /* Info.plist */,
				E2E97EB31F87F47400BA73B2 /* Mocks */,
				E2E97EB11F87F45000BA73B2 /* Model */,
				E2E97EB21F87F46300BA73B2 /* API */,
				E2E97EB81F88F9AC00BA73B2 /* View Controllers */,
				E2E97EBC1F8902C700BA73B2 /* Views */,
			);
			path = JSONPlaceholderClientTests;
			sourceTree = "<group>";
		};
		E2C2A1891F87905E00C64A0D /* JSONPlaceholderClientUITests */ = {
			isa = PBXGroup;
			children = (
				E2C2A18A1F87905E00C64A0D /* JSONPlaceholderClientUITests.swift */,
				E2C2A18C1F87905E00C64A0D /* Info.plist */,
			);
			path = JSONPlaceholderClientUITests;
			sourceTree = "<group>";
		};
		E2E97EAC1F87F3C800BA73B2 /* Model */ = {
			isa = PBXGroup;
			children = (
				E2C2A19A1F87916700C64A0D /* User.swift */,
				E26EB8AF1F879520001B93D1 /* Address.swift */,
				E299D28D1F8A467200EAA81D /* Post.swift */,
			);
			path = Model;
			sourceTree = "<group>";
		};
		E2E97EAD1F87F3E800BA73B2 /* API */ = {
			isa = PBXGroup;
			children = (
				E26EB8B91F87AE26001B93D1 /* API.swift */,
				E26EB8BB1F87AF52001B93D1 /* UsersAPIRequest.swift */,
				E2E97EAE1F87F40E00BA73B2 /* URL Session */,
				E299D28B1F8A45DF00EAA81D /* PostsAPIRequest.swift */,
			);
			path = API;
			sourceTree = "<group>";
		};
		E2E97EAE1F87F40E00BA73B2 /* URL Session */ = {
			isa = PBXGroup;
			children = (
				E2E97EA71F87EBE100BA73B2 /* URLSessionAPI.swift */,
				E2E97EA91F87ED2700BA73B2 /* URLSessionUsersAPIRequest.swift */,
			);
			path = "URL Session";
			sourceTree = "<group>";
		};
		E2E97EAF1F87F41C00BA73B2 /* View Controllers */ = {
			isa = PBXGroup;
			children = (
				E26EB8B51F87A30A001B93D1 /* UsersTableViewController.swift */,
			);
			path = "View Controllers";
			sourceTree = "<group>";
		};
		E2E97EB01F87F43400BA73B2 /* Storyboards */ = {
			isa = PBXGroup;
			children = (
				E2C2A16E1F87905E00C64A0D /* Main.storyboard */,
				E2C2A1731F87905E00C64A0D /* LaunchScreen.storyboard */,
			);
			path = Storyboards;
			sourceTree = "<group>";
		};
		E2E97EB11F87F45000BA73B2 /* Model */ = {
			isa = PBXGroup;
			children = (
				E2C2A1981F87909F00C64A0D /* UserTests.swift */,
				E26EB8B11F87961A001B93D1 /* AddressTests.swift */,
			);
			path = Model;
			sourceTree = "<group>";
		};
		E2E97EB21F87F46300BA73B2 /* API */ = {
			isa = PBXGroup;
			children = (
				E26EB8B71F87A62F001B93D1 /* APITests.swift */,
				E26EB8BD1F87AFB8001B93D1 /* UsersRequestTests.swift */,
			);
			path = API;
			sourceTree = "<group>";
		};
		E2E97EB31F87F47400BA73B2 /* Mocks */ = {
			isa = PBXGroup;
			children = (
				E26EB8BF1F87B261001B93D1 /* MockUsersAPIRequest.swift */,
				E2E97EA31F87C8E600BA73B2 /* MockAPI.swift */,
				E299D28F1F8A48CA00EAA81D /* MockPostsAPIRequest.swift */,
			);
			path = Mocks;
			sourceTree = "<group>";
		};
		E2E97EB81F88F9AC00BA73B2 /* View Controllers */ = {
			isa = PBXGroup;
			children = (
				E2E97EB41F88F2B300BA73B2 /* UsersTableViewControllerTests.swift */,
			);
			path = "View Controllers";
			sourceTree = "<group>";
		};
		E2E97EB91F88F9BD00BA73B2 /* Views */ = {
			isa = PBXGroup;
			children = (
				E2E97EB61F88F8EA00BA73B2 /* UserCell.swift */,
			);
			path = Views;
			sourceTree = "<group>";
		};
		E2E97EBC1F8902C700BA73B2 /* Views */ = {
			isa = PBXGroup;
			children = (
				E2E97EBA1F88FD0400BA73B2 /* UserCellTests.swift */,
			);
			path = Views;
			sourceTree = "<group>";
		};
/* End PBXGroup section */

/* Begin PBXNativeTarget section */
		E2C2A1641F87905E00C64A0D /* JSONPlaceholderClient */ = {
			isa = PBXNativeTarget;
			buildConfigurationList = E2C2A18F1F87905E00C64A0D /* Build configuration list for PBXNativeTarget "JSONPlaceholderClient" */;
			buildPhases = (
				E2C2A1611F87905E00C64A0D /* Sources */,
				E2C2A1621F87905E00C64A0D /* Frameworks */,
				E2C2A1631F87905E00C64A0D /* Resources */,
			);
			buildRules = (
			);
			dependencies = (
			);
			name = JSONPlaceholderClient;
			productName = JSONPlaceholderClient;
			productReference = E2C2A1651F87905E00C64A0D /* JSONPlaceholderClient.app */;
			productType = "com.apple.product-type.application";
		};
		E2C2A17A1F87905E00C64A0D /* JSONPlaceholderClientTests */ = {
			isa = PBXNativeTarget;
			buildConfigurationList = E2C2A1921F87905E00C64A0D /* Build configuration list for PBXNativeTarget "JSONPlaceholderClientTests" */;
			buildPhases = (
				E2C2A1771F87905E00C64A0D /* Sources */,
				E2C2A1781F87905E00C64A0D /* Frameworks */,
				E2C2A1791F87905E00C64A0D /* Resources */,
			);
			buildRules = (
			);
			dependencies = (
				E2C2A17D1F87905E00C64A0D /* PBXTargetDependency */,
			);
			name = JSONPlaceholderClientTests;
			productName = JSONPlaceholderClientTests;
			productReference = E2C2A17B1F87905E00C64A0D /* JSONPlaceholderClientTests.xctest */;
			productType = "com.apple.product-type.bundle.unit-test";
		};
		E2C2A1851F87905E00C64A0D /* JSONPlaceholderClientUITests */ = {
			isa = PBXNativeTarget;
			buildConfigurationList = E2C2A1951F87905E00C64A0D /* Build configuration list for PBXNativeTarget "JSONPlaceholderClientUITests" */;
			buildPhases = (
				E2C2A1821F87905E00C64A0D /* Sources */,
				E2C2A1831F87905E00C64A0D /* Frameworks */,
				E2C2A1841F87905E00C64A0D /* Resources */,
			);
			buildRules = (
			);
			dependencies = (
				E2C2A1881F87905E00C64A0D /* PBXTargetDependency */,
			);
			name = JSONPlaceholderClientUITests;
			productName = JSONPlaceholderClientUITests;
			productReference = E2C2A1861F87905E00C64A0D /* JSONPlaceholderClientUITests.xctest */;
			productType = "com.apple.product-type.bundle.ui-testing";
		};
/* End PBXNativeTarget section */

/* Begin PBXProject section */
		E2C2A15D1F87905E00C64A0D /* Project object */ = {
			isa = PBXProject;
			attributes = {
				LastSwiftUpdateCheck = 0900;
				LastUpgradeCheck = 0900;
				ORGANIZATIONNAME = "Robert Mooney";
				TargetAttributes = {
					E2C2A1641F87905E00C64A0D = {
						CreatedOnToolsVersion = 9.0;
						ProvisioningStyle = Automatic;
					};
					E2C2A17A1F87905E00C64A0D = {
						CreatedOnToolsVersion = 9.0;
						ProvisioningStyle = Automatic;
						TestTargetID = E2C2A1641F87905E00C64A0D;
					};
					E2C2A1851F87905E00C64A0D = {
						CreatedOnToolsVersion = 9.0;
						ProvisioningStyle = Automatic;
						TestTargetID = E2C2A1641F87905E00C64A0D;
					};
				};
			};
			buildConfigurationList = E2C2A1601F87905E00C64A0D /* Build configuration list for PBXProject "JSONPlaceholderClient" */;
			compatibilityVersion = "Xcode 8.0";
			developmentRegion = en;
			hasScannedForEncodings = 0;
			knownRegions = (
				en,
				Base,
			);
			mainGroup = E2C2A15C1F87905E00C64A0D;
			productRefGroup = E2C2A1661F87905E00C64A0D /* Products */;
			projectDirPath = "";
			projectRoot = "";
			targets = (
				E2C2A1641F87905E00C64A0D /* JSONPlaceholderClient */,
				E2C2A17A1F87905E00C64A0D /* JSONPlaceholderClientTests */,
				E2C2A1851F87905E00C64A0D /* JSONPlaceholderClientUITests */,
			);
		};
/* End PBXProject section */

/* Begin PBXResourcesBuildPhase section */
		E2C2A1631F87905E00C64A0D /* Resources */ = {
			isa = PBXResourcesBuildPhase;
			buildActionMask = 2147483647;
			files = (
				E2C2A1751F87905E00C64A0D /* LaunchScreen.storyboard in Resources */,
				E2C2A1721F87905E00C64A0D /* Assets.xcassets in Resources */,
				E2C2A1701F87905E00C64A0D /* Main.storyboard in Resources */,
			);
			runOnlyForDeploymentPostprocessing = 0;
		};
		E2C2A1791F87905E00C64A0D /* Resources */ = {
			isa = PBXResourcesBuildPhase;
			buildActionMask = 2147483647;
			files = (
			);
			runOnlyForDeploymentPostprocessing = 0;
		};
		E2C2A1841F87905E00C64A0D /* Resources */ = {
			isa = PBXResourcesBuildPhase;
			buildActionMask = 2147483647;
			files = (
			);
			runOnlyForDeploymentPostprocessing = 0;
		};
/* End PBXResourcesBuildPhase section */

/* Begin PBXSourcesBuildPhase section */
		E2C2A1611F87905E00C64A0D /* Sources */ = {
			isa = PBXSourcesBuildPhase;
			buildActionMask = 2147483647;
			files = (
				E2C2A19B1F87916700C64A0D /* User.swift in Sources */,
				E299D28E1F8A467200EAA81D /* Post.swift in Sources */,
				E26EB8B61F87A30A001B93D1 /* UsersTableViewController.swift in Sources */,
				E299D28C1F8A45DF00EAA81D /* PostsAPIRequest.swift in Sources */,
				E26EB8BA1F87AE26001B93D1 /* API.swift in Sources */,
				E2C2A1691F87905E00C64A0D /* AppDelegate.swift in Sources */,
				E2E97EAA1F87ED2700BA73B2 /* URLSessionUsersAPIRequest.swift in Sources */,
				E2E97EB71F88F8EA00BA73B2 /* UserCell.swift in Sources */,
				E26EB8BC1F87AF52001B93D1 /* UsersAPIRequest.swift in Sources */,
				E2E97EA81F87EBE100BA73B2 /* URLSessionAPI.swift in Sources */,
				E26EB8B01F879520001B93D1 /* Address.swift in Sources */,
			);
			runOnlyForDeploymentPostprocessing = 0;
		};
		E2C2A1771F87905E00C64A0D /* Sources */ = {
			isa = PBXSourcesBuildPhase;
			buildActionMask = 2147483647;
			files = (
				E2E97EBB1F88FD0400BA73B2 /* UserCellTests.swift in Sources */,
				E2E97EA41F87C8E600BA73B2 /* MockAPI.swift in Sources */,
				E299D2901F8A48CA00EAA81D /* MockPostsAPIRequest.swift in Sources */,
				E26EB8C01F87B261001B93D1 /* MockUsersAPIRequest.swift in Sources */,
				E2C2A1991F87909F00C64A0D /* UserTests.swift in Sources */,
				E2E97EB51F88F2B300BA73B2 /* UsersTableViewControllerTests.swift in Sources */,
				E26EB8B81F87A62F001B93D1 /* APITests.swift in Sources */,
				E26EB8B21F87961A001B93D1 /* AddressTests.swift in Sources */,
				E26EB8BE1F87AFB8001B93D1 /* UsersRequestTests.swift in Sources */,
			);
			runOnlyForDeploymentPostprocessing = 0;
		};
		E2C2A1821F87905E00C64A0D /* Sources */ = {
			isa = PBXSourcesBuildPhase;
			buildActionMask = 2147483647;
			files = (
				E2C2A18B1F87905E00C64A0D /* JSONPlaceholderClientUITests.swift in Sources */,
			);
			runOnlyForDeploymentPostprocessing = 0;
		};
/* End PBXSourcesBuildPhase section */

/* Begin PBXTargetDependency section */
		E2C2A17D1F87905E00C64A0D /* PBXTargetDependency */ = {
			isa = PBXTargetDependency;
			target = E2C2A1641F87905E00C64A0D /* JSONPlaceholderClient */;
			targetProxy = E2C2A17C1F87905E00C64A0D /* PBXContainerItemProxy */;
		};
		E2C2A1881F87905E00C64A0D /* PBXTargetDependency */ = {
			isa = PBXTargetDependency;
			target = E2C2A1641F87905E00C64A0D /* JSONPlaceholderClient */;
			targetProxy = E2C2A1871F87905E00C64A0D /* PBXContainerItemProxy */;
		};
/* End PBXTargetDependency section */

/* Begin PBXVariantGroup section */
		E2C2A16E1F87905E00C64A0D /* Main.storyboard */ = {
			isa = PBXVariantGroup;
			children = (
				E2C2A16F1F87905E00C64A0D /* Base */,
			);
			name = Main.storyboard;
			sourceTree = "<group>";
		};
		E2C2A1731F87905E00C64A0D /* LaunchScreen.storyboard */ = {
			isa = PBXVariantGroup;
			children = (
				E2C2A1741F87905E00C64A0D /* Base */,
			);
			name = LaunchScreen.storyboard;
			sourceTree = "<group>";
		};
/* End PBXVariantGroup section */

/* Begin XCBuildConfiguration section */
		E2C2A18D1F87905E00C64A0D /* Debug */ = {
			isa = XCBuildConfiguration;
			buildSettings = {
				ALWAYS_SEARCH_USER_PATHS = NO;
				CLANG_ANALYZER_NONNULL = YES;
				CLANG_ANALYZER_NUMBER_OBJECT_CONVERSION = YES_AGGRESSIVE;
				CLANG_CXX_LANGUAGE_STANDARD = "gnu++14";
				CLANG_CXX_LIBRARY = "libc++";
				CLANG_ENABLE_MODULES = YES;
				CLANG_ENABLE_OBJC_ARC = YES;
				CLANG_WARN_BLOCK_CAPTURE_AUTORELEASING = YES;
				CLANG_WARN_BOOL_CONVERSION = YES;
				CLANG_WARN_COMMA = YES;
				CLANG_WARN_CONSTANT_CONVERSION = YES;
				CLANG_WARN_DIRECT_OBJC_ISA_USAGE = YES_ERROR;
				CLANG_WARN_DOCUMENTATION_COMMENTS = YES;
				CLANG_WARN_EMPTY_BODY = YES;
				CLANG_WARN_ENUM_CONVERSION = YES;
				CLANG_WARN_INFINITE_RECURSION = YES;
				CLANG_WARN_INT_CONVERSION = YES;
				CLANG_WARN_NON_LITERAL_NULL_CONVERSION = YES;
				CLANG_WARN_OBJC_LITERAL_CONVERSION = YES;
				CLANG_WARN_OBJC_ROOT_CLASS = YES_ERROR;
				CLANG_WARN_RANGE_LOOP_ANALYSIS = YES;
				CLANG_WARN_STRICT_PROTOTYPES = YES;
				CLANG_WARN_SUSPICIOUS_MOVE = YES;
				CLANG_WARN_UNGUARDED_AVAILABILITY = YES_AGGRESSIVE;
				CLANG_WARN_UNREACHABLE_CODE = YES;
				CLANG_WARN__DUPLICATE_METHOD_MATCH = YES;
				CODE_SIGN_IDENTITY = "iPhone Developer";
				COPY_PHASE_STRIP = NO;
				DEBUG_INFORMATION_FORMAT = dwarf;
				ENABLE_STRICT_OBJC_MSGSEND = YES;
				ENABLE_TESTABILITY = YES;
				GCC_C_LANGUAGE_STANDARD = gnu11;
				GCC_DYNAMIC_NO_PIC = NO;
				GCC_NO_COMMON_BLOCKS = YES;
				GCC_OPTIMIZATION_LEVEL = 0;
				GCC_PREPROCESSOR_DEFINITIONS = (
					"DEBUG=1",
					"$(inherited)",
				);
				GCC_WARN_64_TO_32_BIT_CONVERSION = YES;
				GCC_WARN_ABOUT_RETURN_TYPE = YES_ERROR;
				GCC_WARN_UNDECLARED_SELECTOR = YES;
				GCC_WARN_UNINITIALIZED_AUTOS = YES_AGGRESSIVE;
				GCC_WARN_UNUSED_FUNCTION = YES;
				GCC_WARN_UNUSED_VARIABLE = YES;
				IPHONEOS_DEPLOYMENT_TARGET = 11.0;
				MTL_ENABLE_DEBUG_INFO = YES;
				ONLY_ACTIVE_ARCH = YES;
				SDKROOT = iphoneos;
				SWIFT_ACTIVE_COMPILATION_CONDITIONS = DEBUG;
				SWIFT_OPTIMIZATION_LEVEL = "-Onone";
			};
			name = Debug;
		};
		E2C2A18E1F87905E00C64A0D /* Release */ = {
			isa = XCBuildConfiguration;
			buildSettings = {
				ALWAYS_SEARCH_USER_PATHS = NO;
				CLANG_ANALYZER_NONNULL = YES;
				CLANG_ANALYZER_NUMBER_OBJECT_CONVERSION = YES_AGGRESSIVE;
				CLANG_CXX_LANGUAGE_STANDARD = "gnu++14";
				CLANG_CXX_LIBRARY = "libc++";
				CLANG_ENABLE_MODULES = YES;
				CLANG_ENABLE_OBJC_ARC = YES;
				CLANG_WARN_BLOCK_CAPTURE_AUTORELEASING = YES;
				CLANG_WARN_BOOL_CONVERSION = YES;
				CLANG_WARN_COMMA = YES;
				CLANG_WARN_CONSTANT_CONVERSION = YES;
				CLANG_WARN_DIRECT_OBJC_ISA_USAGE = YES_ERROR;
				CLANG_WARN_DOCUMENTATION_COMMENTS = YES;
				CLANG_WARN_EMPTY_BODY = YES;
				CLANG_WARN_ENUM_CONVERSION = YES;
				CLANG_WARN_INFINITE_RECURSION = YES;
				CLANG_WARN_INT_CONVERSION = YES;
				CLANG_WARN_NON_LITERAL_NULL_CONVERSION = YES;
				CLANG_WARN_OBJC_LITERAL_CONVERSION = YES;
				CLANG_WARN_OBJC_ROOT_CLASS = YES_ERROR;
				CLANG_WARN_RANGE_LOOP_ANALYSIS = YES;
				CLANG_WARN_STRICT_PROTOTYPES = YES;
				CLANG_WARN_SUSPICIOUS_MOVE = YES;
				CLANG_WARN_UNGUARDED_AVAILABILITY = YES_AGGRESSIVE;
				CLANG_WARN_UNREACHABLE_CODE = YES;
				CLANG_WARN__DUPLICATE_METHOD_MATCH = YES;
				CODE_SIGN_IDENTITY = "iPhone Developer";
				COPY_PHASE_STRIP = NO;
				DEBUG_INFORMATION_FORMAT = "dwarf-with-dsym";
				ENABLE_NS_ASSERTIONS = NO;
				ENABLE_STRICT_OBJC_MSGSEND = YES;
				GCC_C_LANGUAGE_STANDARD = gnu11;
				GCC_NO_COMMON_BLOCKS = YES;
				GCC_WARN_64_TO_32_BIT_CONVERSION = YES;
				GCC_WARN_ABOUT_RETURN_TYPE = YES_ERROR;
				GCC_WARN_UNDECLARED_SELECTOR = YES;
				GCC_WARN_UNINITIALIZED_AUTOS = YES_AGGRESSIVE;
				GCC_WARN_UNUSED_FUNCTION = YES;
				GCC_WARN_UNUSED_VARIABLE = YES;
				IPHONEOS_DEPLOYMENT_TARGET = 11.0;
				MTL_ENABLE_DEBUG_INFO = NO;
				SDKROOT = iphoneos;
				SWIFT_OPTIMIZATION_LEVEL = "-Owholemodule";
				VALIDATE_PRODUCT = YES;
			};
			name = Release;
		};
		E2C2A1901F87905E00C64A0D /* Debug */ = {
			isa = XCBuildConfiguration;
			buildSettings = {
				ASSETCATALOG_COMPILER_APPICON_NAME = AppIcon;
				CODE_SIGN_STYLE = Automatic;
				DEVELOPMENT_TEAM = 85YEM3CP5R;
				INFOPLIST_FILE = JSONPlaceholderClient/Info.plist;
				LD_RUNPATH_SEARCH_PATHS = "$(inherited) @executable_path/Frameworks";
				PRODUCT_BUNDLE_IDENTIFIER = ie.robertmooney.JSONPlaceholderClient;
				PRODUCT_NAME = "$(TARGET_NAME)";
				SWIFT_VERSION = 4.0;
				TARGETED_DEVICE_FAMILY = "1,2";
			};
			name = Debug;
		};
		E2C2A1911F87905E00C64A0D /* Release */ = {
			isa = XCBuildConfiguration;
			buildSettings = {
				ASSETCATALOG_COMPILER_APPICON_NAME = AppIcon;
				CODE_SIGN_STYLE = Automatic;
				DEVELOPMENT_TEAM = 85YEM3CP5R;
				INFOPLIST_FILE = JSONPlaceholderClient/Info.plist;
				LD_RUNPATH_SEARCH_PATHS = "$(inherited) @executable_path/Frameworks";
				PRODUCT_BUNDLE_IDENTIFIER = ie.robertmooney.JSONPlaceholderClient;
				PRODUCT_NAME = "$(TARGET_NAME)";
				SWIFT_VERSION = 4.0;
				TARGETED_DEVICE_FAMILY = "1,2";
			};
			name = Release;
		};
		E2C2A1931F87905E00C64A0D /* Debug */ = {
			isa = XCBuildConfiguration;
			buildSettings = {
				ALWAYS_EMBED_SWIFT_STANDARD_LIBRARIES = YES;
				BUNDLE_LOADER = "$(TEST_HOST)";
				CODE_SIGN_STYLE = Automatic;
				DEVELOPMENT_TEAM = 85YEM3CP5R;
				INFOPLIST_FILE = JSONPlaceholderClientTests/Info.plist;
				LD_RUNPATH_SEARCH_PATHS = "$(inherited) @executable_path/Frameworks @loader_path/Frameworks";
				PRODUCT_BUNDLE_IDENTIFIER = ie.robertmooney.JSONPlaceholderClientTests;
				PRODUCT_NAME = "$(TARGET_NAME)";
				SWIFT_VERSION = 4.0;
				TARGETED_DEVICE_FAMILY = "1,2";
				TEST_HOST = "$(BUILT_PRODUCTS_DIR)/JSONPlaceholderClient.app/JSONPlaceholderClient";
			};
			name = Debug;
		};
		E2C2A1941F87905E00C64A0D /* Release */ = {
			isa = XCBuildConfiguration;
			buildSettings = {
				ALWAYS_EMBED_SWIFT_STANDARD_LIBRARIES = YES;
				BUNDLE_LOADER = "$(TEST_HOST)";
				CODE_SIGN_STYLE = Automatic;
				DEVELOPMENT_TEAM = 85YEM3CP5R;
				INFOPLIST_FILE = JSONPlaceholderClientTests/Info.plist;
				LD_RUNPATH_SEARCH_PATHS = "$(inherited) @executable_path/Frameworks @loader_path/Frameworks";
				PRODUCT_BUNDLE_IDENTIFIER = ie.robertmooney.JSONPlaceholderClientTests;
				PRODUCT_NAME = "$(TARGET_NAME)";
				SWIFT_VERSION = 4.0;
				TARGETED_DEVICE_FAMILY = "1,2";
				TEST_HOST = "$(BUILT_PRODUCTS_DIR)/JSONPlaceholderClient.app/JSONPlaceholderClient";
			};
			name = Release;
		};
		E2C2A1961F87905E00C64A0D /* Debug */ = {
			isa = XCBuildConfiguration;
			buildSettings = {
				ALWAYS_EMBED_SWIFT_STANDARD_LIBRARIES = YES;
				CODE_SIGN_STYLE = Automatic;
				DEVELOPMENT_TEAM = 85YEM3CP5R;
				INFOPLIST_FILE = JSONPlaceholderClientUITests/Info.plist;
				LD_RUNPATH_SEARCH_PATHS = "$(inherited) @executable_path/Frameworks @loader_path/Frameworks";
				PRODUCT_BUNDLE_IDENTIFIER = ie.robertmooney.JSONPlaceholderClientUITests;
				PRODUCT_NAME = "$(TARGET_NAME)";
				SWIFT_VERSION = 4.0;
				TARGETED_DEVICE_FAMILY = "1,2";
				TEST_TARGET_NAME = JSONPlaceholderClient;
			};
			name = Debug;
		};
		E2C2A1971F87905E00C64A0D /* Release */ = {
			isa = XCBuildConfiguration;
			buildSettings = {
				ALWAYS_EMBED_SWIFT_STANDARD_LIBRARIES = YES;
				CODE_SIGN_STYLE = Automatic;
				DEVELOPMENT_TEAM = 85YEM3CP5R;
				INFOPLIST_FILE = JSONPlaceholderClientUITests/Info.plist;
				LD_RUNPATH_SEARCH_PATHS = "$(inherited) @executable_path/Frameworks @loader_path/Frameworks";
				PRODUCT_BUNDLE_IDENTIFIER = ie.robertmooney.JSONPlaceholderClientUITests;
				PRODUCT_NAME = "$(TARGET_NAME)";
				SWIFT_VERSION = 4.0;
				TARGETED_DEVICE_FAMILY = "1,2";
				TEST_TARGET_NAME = JSONPlaceholderClient;
			};
			name = Release;
		};
/* End XCBuildConfiguration section */

/* Begin XCConfigurationList section */
		E2C2A1601F87905E00C64A0D /* Build configuration list for PBXProject "JSONPlaceholderClient" */ = {
			isa = XCConfigurationList;
			buildConfigurations = (
				E2C2A18D1F87905E00C64A0D /* Debug */,
				E2C2A18E1F87905E00C64A0D /* Release */,
			);
			defaultConfigurationIsVisible = 0;
			defaultConfigurationName = Release;
		};
		E2C2A18F1F87905E00C64A0D /* Build configuration list for PBXNativeTarget "JSONPlaceholderClient" */ = {
			isa = XCConfigurationList;
			buildConfigurations = (
				E2C2A1901F87905E00C64A0D /* Debug */,
				E2C2A1911F87905E00C64A0D /* Release */,
			);
			defaultConfigurationIsVisible = 0;
			defaultConfigurationName = Release;
		};
		E2C2A1921F87905E00C64A0D /* Build configuration list for PBXNativeTarget "JSONPlaceholderClientTests" */ = {
			isa = XCConfigurationList;
			buildConfigurations = (
				E2C2A1931F87905E00C64A0D /* Debug */,
				E2C2A1941F87905E00C64A0D /* Release */,
			);
			defaultConfigurationIsVisible = 0;
			defaultConfigurationName = Release;
		};
		E2C2A1951F87905E00C64A0D /* Build configuration list for PBXNativeTarget "JSONPlaceholderClientUITests" */ = {
			isa = XCConfigurationList;
			buildConfigurations = (
				E2C2A1961F87905E00C64A0D /* Debug */,
				E2C2A1971F87905E00C64A0D /* Release */,
			);
			defaultConfigurationIsVisible = 0;
			defaultConfigurationName = Release;
		};
/* End XCConfigurationList section */
	};
	rootObject = E2C2A15D1F87905E00C64A0D /* Project object */;
}
